
Microsoft Visual Studio Solution File, Format Version 12.00
# Visual Studio Version 17
VisualStudioVersion = 17.5.33424.131
MinimumVisualStudioVersion = 10.0.40219.1
Project("{FAE04EC0-301F-11D3-BF4B-00C04F79EFBC}") = "PSIUWeb", "PSIUWeb\PSIUWeb.csproj", "{6C7F6C41-E685-4045-BDEB-96387FA025D1}"
EndProject
Global
	GlobalSection(SolutionConfigurationPlatforms) = preSolution
		Debug|Any CPU = Debug|Any CPU
		Release|Any CPU = Release|Any CPU
	EndGlobalSection
	GlobalSection(ProjectConfigurationPlatforms) = postSolution
		{6C7F6C41-E685-4045-BDEB-96387FA025D1}.Debug|Any CPU.ActiveCfg = Debug|Any CPU
		{6C7F6C41-E685-4045-BDEB-96387FA025D1}.Debug|Any CPU.Build.0 = Debug|Any CPU
		{6C7F6C41-E685-4045-BDEB-96387FA025D1}.Release|Any CPU.ActiveCfg = Release|Any CPU
		{6C7F6C41-E685-4045-BDEB-96387FA025D1}.Release|Any CPU.Build.0 = Release|Any CPU
	EndGlobalSection
	GlobalSection(SolutionProperties) = preSolution
		HideSolutionNode = FALSE
	EndGlobalSection
	GlobalSection(ExtensibilityGlobals) = postSolution
		SolutionGuid = {C713BCD8-0C80-4434-B3BC-9EF5F220F7BA}
	EndGlobalSection
EndGlobal
